
Microsoft Visual Studio Solution File, Format Version 12.00
# Visual Studio 15
VisualStudioVersion = 15.0.28010.2003
MinimumVisualStudioVersion = 10.0.40219.1
Project("{9A19103F-16F7-4668-BE54-9A1E7A4F7556}") = "clangen_parser", "clangen_parser\clangen_parser.csproj", "{89F79614-BC83-4905-8F49-C86D6911A189}"
EndProject
Project("{FAE04EC0-301F-11D3-BF4B-00C04F79EFBC}") = "clangen_config", "clangen_config\clangen_config.csproj", "{61E80B3B-2F7E-4F2A-937E-C50346B9DBD7}"
EndProject
Project("{FAE04EC0-301F-11D3-BF4B-00C04F79EFBC}") = "clangen", "clangen\clangen.csproj", "{1A47B004-EAFE-473D-AC5E-70250F30A760}"
EndProject
Global
	GlobalSection(SolutionConfigurationPlatforms) = preSolution
		Debug|Any CPU = Debug|Any CPU
		Release|Any CPU = Release|Any CPU
	EndGlobalSection
	GlobalSection(ProjectConfigurationPlatforms) = postSolution
		{89F79614-BC83-4905-8F49-C86D6911A189}.Debug|Any CPU.ActiveCfg = Debug|Any CPU
		{89F79614-BC83-4905-8F49-C86D6911A189}.Debug|Any CPU.Build.0 = Debug|Any CPU
		{89F79614-BC83-4905-8F49-C86D6911A189}.Release|Any CPU.ActiveCfg = Release|Any CPU
		{89F79614-BC83-4905-8F49-C86D6911A189}.Release|Any CPU.Build.0 = Release|Any CPU
		{61E80B3B-2F7E-4F2A-937E-C50346B9DBD7}.Debug|Any CPU.ActiveCfg = Debug|Any CPU
		{61E80B3B-2F7E-4F2A-937E-C50346B9DBD7}.Debug|Any CPU.Build.0 = Debug|Any CPU
		{61E80B3B-2F7E-4F2A-937E-C50346B9DBD7}.Release|Any CPU.ActiveCfg = Release|Any CPU
		{61E80B3B-2F7E-4F2A-937E-C50346B9DBD7}.Release|Any CPU.Build.0 = Release|Any CPU
		{1A47B004-EAFE-473D-AC5E-70250F30A760}.Debug|Any CPU.ActiveCfg = Debug|Any CPU
		{1A47B004-EAFE-473D-AC5E-70250F30A760}.Debug|Any CPU.Build.0 = Debug|Any CPU
		{1A47B004-EAFE-473D-AC5E-70250F30A760}.Release|Any CPU.ActiveCfg = Release|Any CPU
		{1A47B004-EAFE-473D-AC5E-70250F30A760}.Release|Any CPU.Build.0 = Release|Any CPU
	EndGlobalSection
	GlobalSection(SolutionProperties) = preSolution
		HideSolutionNode = FALSE
	EndGlobalSection
	GlobalSection(ExtensibilityGlobals) = postSolution
		SolutionGuid = {6951F802-1FD5-4361-AD9C-CC51F6EBE3E5}
	EndGlobalSection
EndGlobal
